
Microsoft Visual Studio Solution File, Format Version 12.00
# Visual Studio Version 17
VisualStudioVersion = 17.5.002.0
MinimumVisualStudioVersion = 10.0.40219.1
Project("{2150E333-8FDC-42A3-9474-1A3956D46DE8}") = "Poyecto_Final_Programacion_Paralela", "Poyecto_Final_Programacion_Paralela", "{2B654CC1-28EA-4338-BC0B-A205DED739DB}"
EndProject
Project("{2150E333-8FDC-42A3-9474-1A3956D46DE8}") = "src", "src", "{46DADD1D-3C3B-4CA4-A290-4471AFD77BB4}"
EndProject
Project("{9A19103F-16F7-4668-BE54-9A1E7A4F7556}") = "SimulacionDeRestaurante", "Poyecto_Final_Programacion_Paralela\src\SimulacionDeRestaurante\SimulacionDeRestaurante.csproj", "{FE17C3D2-309D-4110-81ED-0B0D5ABCD2A7}"
EndProject
Global
	GlobalSection(SolutionConfigurationPlatforms) = preSolution
		Debug|Any CPU = Debug|Any CPU
		Release|Any CPU = Release|Any CPU
	EndGlobalSection
	GlobalSection(ProjectConfigurationPlatforms) = postSolution
		{FE17C3D2-309D-4110-81ED-0B0D5ABCD2A7}.Debug|Any CPU.ActiveCfg = Debug|Any CPU
		{FE17C3D2-309D-4110-81ED-0B0D5ABCD2A7}.Debug|Any CPU.Build.0 = Debug|Any CPU
		{FE17C3D2-309D-4110-81ED-0B0D5ABCD2A7}.Release|Any CPU.ActiveCfg = Release|Any CPU
		{FE17C3D2-309D-4110-81ED-0B0D5ABCD2A7}.Release|Any CPU.Build.0 = Release|Any CPU
	EndGlobalSection
	GlobalSection(SolutionProperties) = preSolution
		HideSolutionNode = FALSE
	EndGlobalSection
	GlobalSection(NestedProjects) = preSolution
		{46DADD1D-3C3B-4CA4-A290-4471AFD77BB4} = {2B654CC1-28EA-4338-BC0B-A205DED739DB}
		{FE17C3D2-309D-4110-81ED-0B0D5ABCD2A7} = {46DADD1D-3C3B-4CA4-A290-4471AFD77BB4}
	EndGlobalSection
	GlobalSection(ExtensibilityGlobals) = postSolution
		SolutionGuid = {F62D0D53-6E75-41FA-9A56-01CA431E6986}
	EndGlobalSection
EndGlobal
